
Microsoft Visual Studio Solution File, Format Version 12.00
# Visual Studio Version 16
VisualStudioVersion = 16.0.30907.101
MinimumVisualStudioVersion = 10.0.40219.1
Project("{FAE04EC0-301F-11D3-BF4B-00C04F79EFBC}") = "Entities", "Entities\Entities.csproj", "{BC6D2859-E27A-4FE3-8027-961FFE23F38F}"
EndProject
Project("{FAE04EC0-301F-11D3-BF4B-00C04F79EFBC}") = "DataAccess", "DataAccess\DataAccess.csproj", "{DF8BFB55-0A2B-48A2-8EC5-3AEE64E4827A}"
EndProject
Project("{FAE04EC0-301F-11D3-BF4B-00C04F79EFBC}") = "Business", "Business\Business.csproj", "{7F8F3E6D-01DF-4E5A-BF0C-6DD23B31F06E}"
EndProject
Project("{FAE04EC0-301F-11D3-BF4B-00C04F79EFBC}") = "ConsoleUI", "ConsoleUI\ConsoleUI.csproj", "{C1A4B9E2-7789-441A-A03F-29D2156D7D54}"
EndProject
Global
	GlobalSection(SolutionConfigurationPlatforms) = preSolution
		Debug|Any CPU = Debug|Any CPU
		Release|Any CPU = Release|Any CPU
	EndGlobalSection
	GlobalSection(ProjectConfigurationPlatforms) = postSolution
		{BC6D2859-E27A-4FE3-8027-961FFE23F38F}.Debug|Any CPU.ActiveCfg = Debug|Any CPU
		{BC6D2859-E27A-4FE3-8027-961FFE23F38F}.Debug|Any CPU.Build.0 = Debug|Any CPU
		{BC6D2859-E27A-4FE3-8027-961FFE23F38F}.Release|Any CPU.ActiveCfg = Release|Any CPU
		{BC6D2859-E27A-4FE3-8027-961FFE23F38F}.Release|Any CPU.Build.0 = Release|Any CPU
		{DF8BFB55-0A2B-48A2-8EC5-3AEE64E4827A}.Debug|Any CPU.ActiveCfg = Debug|Any CPU
		{DF8BFB55-0A2B-48A2-8EC5-3AEE64E4827A}.Debug|Any CPU.Build.0 = Debug|Any CPU
		{DF8BFB55-0A2B-48A2-8EC5-3AEE64E4827A}.Release|Any CPU.ActiveCfg = Release|Any CPU
		{DF8BFB55-0A2B-48A2-8EC5-3AEE64E4827A}.Release|Any CPU.Build.0 = Release|Any CPU
		{7F8F3E6D-01DF-4E5A-BF0C-6DD23B31F06E}.Debug|Any CPU.ActiveCfg = Debug|Any CPU
		{7F8F3E6D-01DF-4E5A-BF0C-6DD23B31F06E}.Debug|Any CPU.Build.0 = Debug|Any CPU
		{7F8F3E6D-01DF-4E5A-BF0C-6DD23B31F06E}.Release|Any CPU.ActiveCfg = Release|Any CPU
		{7F8F3E6D-01DF-4E5A-BF0C-6DD23B31F06E}.Release|Any CPU.Build.0 = Release|Any CPU
		{C1A4B9E2-7789-441A-A03F-29D2156D7D54}.Debug|Any CPU.ActiveCfg = Debug|Any CPU
		{C1A4B9E2-7789-441A-A03F-29D2156D7D54}.Debug|Any CPU.Build.0 = Debug|Any CPU
		{C1A4B9E2-7789-441A-A03F-29D2156D7D54}.Release|Any CPU.ActiveCfg = Release|Any CPU
		{C1A4B9E2-7789-441A-A03F-29D2156D7D54}.Release|Any CPU.Build.0 = Release|Any CPU
	EndGlobalSection
	GlobalSection(SolutionProperties) = preSolution
		HideSolutionNode = FALSE
	EndGlobalSection
	GlobalSection(ExtensibilityGlobals) = postSolution
		SolutionGuid = {117FCACF-6E75-48A6-996F-617A9EB18160}
	EndGlobalSection
EndGlobal
